
Microsoft Visual Studio Solution File, Format Version 12.00
# Visual Studio Version 17
VisualStudioVersion = 17.7.34003.232
MinimumVisualStudioVersion = 10.0.40219.1
Project("{2150E333-8FDC-42A3-9474-1A3956D46DE8}") = "01_CreationalsPatterns", "01_CreationalsPatterns", "{F2386B77-C42E-43C8-8A89-C1DA19D3DFCA}"
EndProject
Project("{2150E333-8FDC-42A3-9474-1A3956D46DE8}") = "02_StructuralsPatterns", "02_StructuralsPatterns", "{C3AACDBB-31B7-423D-8FA9-C41E6C039CAB}"
EndProject
Project("{2150E333-8FDC-42A3-9474-1A3956D46DE8}") = "03_BehavioralsPatterns", "03_BehavioralsPatterns", "{AE8F46A4-887F-4B91-99AD-A883344408B6}"
EndProject
Project("{9A19103F-16F7-4668-BE54-9A1E7A4F7556}") = "SingletonPattern", "01_CreationalsPatterns\SingletonPattern\SingletonPattern.csproj", "{C13ABCB7-93D7-41CB-91E1-C92B151E8796}"
EndProject
Project("{9A19103F-16F7-4668-BE54-9A1E7A4F7556}") = "BuilderPattern", "01_CreationalsPatterns\BuilderPattern\BuilderPattern.csproj", "{81D082BF-9B03-48EE-8B01-624611A077FA}"
EndProject
Project("{9A19103F-16F7-4668-BE54-9A1E7A4F7556}") = "AbstractFactoryPattern", "01_CreationalsPatterns\AbstractFactoryPattern\AbstractFactoryPattern.csproj", "{1A8233DA-F844-4AAD-B54F-5C307981C074}"
EndProject
Project("{9A19103F-16F7-4668-BE54-9A1E7A4F7556}") = "PrototypePattern", "01_CreationalsPatterns\PrototypePattern\PrototypePattern.csproj", "{339C0F20-2E28-442C-8A8F-33549C699964}"
EndProject
Project("{9A19103F-16F7-4668-BE54-9A1E7A4F7556}") = "AdapterPattern", "02_StructuralsPatterns\AdapterPattern\AdapterPattern.csproj", "{841B5E34-DC9D-4D5A-A9D5-AC35FAA5B25D}"
EndProject
Project("{9A19103F-16F7-4668-BE54-9A1E7A4F7556}") = "DecoratorPattern", "02_StructuralsPatterns\DecoratorPattern\DecoratorPattern.csproj", "{49268063-1893-4E40-BDEC-CF7CBFD38F44}"
EndProject
Project("{9A19103F-16F7-4668-BE54-9A1E7A4F7556}") = "FlyweightPattern", "02_StructuralsPatterns\FlyweightPattern\FlyweightPattern.csproj", "{75974997-BD2E-42C7-8531-1B94496FAE72}"
EndProject
Project("{9A19103F-16F7-4668-BE54-9A1E7A4F7556}") = "ProxyPattern", "02_StructuralsPatterns\ProxyPattern\ProxyPattern.csproj", "{68B9F3AF-C124-47E7-8926-B4611F0CA861}"
EndProject
Project("{9A19103F-16F7-4668-BE54-9A1E7A4F7556}") = "ChainOfResponsibilityPattern", "03_BehavioralsPatterns\ChainOfResponsibilityPattern\ChainOfResponsibilityPattern.csproj", "{13CC3166-276B-4DBC-8719-DA8BC70B23A5}"
EndProject
Project("{9A19103F-16F7-4668-BE54-9A1E7A4F7556}") = "CommandPattern", "03_BehavioralsPatterns\CommandPattern\CommandPattern.csproj", "{E874CDAB-57D2-40DC-8A47-4CD88341B91D}"
EndProject
Project("{9A19103F-16F7-4668-BE54-9A1E7A4F7556}") = "StrategyPattern", "03_BehavioralsPatterns\StrategyPattern\StrategyPattern.csproj", "{DB5A08AA-0D13-43F4-9743-5996D19C79DA}"
EndProject
Project("{9A19103F-16F7-4668-BE54-9A1E7A4F7556}") = "TemplateMethodPattern", "03_BehavioralsPatterns\TemplateMethodPattern\TemplateMethodPattern.csproj", "{121C1A72-5518-4BCC-9C3A-31B7F5DFC5F5}"
EndProject
Project("{9A19103F-16F7-4668-BE54-9A1E7A4F7556}") = "VisitorPattern", "03_BehavioralsPatterns\VisitorPattern\VisitorPattern.csproj", "{318F1967-95D6-4998-BBCB-6D7E03E7CA3B}"
EndProject
Project("{9A19103F-16F7-4668-BE54-9A1E7A4F7556}") = "StatePattern", "03_BehavioralsPatterns\StatePattern\StatePattern.csproj", "{648E68EB-570B-47DA-8507-7E884B765942}"
EndProject
Project("{9A19103F-16F7-4668-BE54-9A1E7A4F7556}") = "ObserverPattern", "03_BehavioralsPatterns\ObserverPattern\ObserverPattern.csproj", "{D9386119-EBED-4746-BA74-E9B68BD570E3}"
EndProject
Project("{9A19103F-16F7-4668-BE54-9A1E7A4F7556}") = "InterpreterPattern", "03_BehavioralsPatterns\InterpreterPattern\InterpreterPattern.csproj", "{E16B655F-5EF8-4B08-9973-0BAA97AFE9B4}"
EndProject
Project("{9A19103F-16F7-4668-BE54-9A1E7A4F7556}") = "FacadePattern", "02_StructuralsPatterns\FacadePattern\FacadePattern.csproj", "{8B690590-72CA-4C82-B7D1-9AD5BA315A96}"
EndProject
Project("{9A19103F-16F7-4668-BE54-9A1E7A4F7556}") = "NullObjectPattern", "03_BehavioralsPatterns\NullObjectPattern\NullObjectPattern.csproj", "{FE31E645-0093-4306-A09D-FF0572C2A6CD}"
EndProject
Project("{9A19103F-16F7-4668-BE54-9A1E7A4F7556}") = "MementoPattern", "03_BehavioralsPatterns\MementoPattern\MementoPattern.csproj", "{3DB666BF-9E28-4781-BA9B-352A71DED4B1}"
EndProject
Project("{9A19103F-16F7-4668-BE54-9A1E7A4F7556}") = "ProxyPattern.UnitTests", "02_StructuralsPatterns\ProxyPattern.UnitTests\ProxyPattern.UnitTests.csproj", "{6A557B03-E831-4CB8-A027-C1D655AAADEB}"
EndProject
Project("{9A19103F-16F7-4668-BE54-9A1E7A4F7556}") = "TemplateMethodPattern.UnitTests", "03_BehavioralsPatterns\TemplateMethodPattern.UnitTests\TemplateMethodPattern.UnitTests.csproj", "{79FB3DBE-80C6-480E-8BA4-BC17775450D3}"
EndProject
Project("{9A19103F-16F7-4668-BE54-9A1E7A4F7556}") = "StrategyPattern.UnitTests", "03_BehavioralsPatterns\StrategyPattern.UnitTests\StrategyPattern.UnitTests.csproj", "{D6F35351-3AF4-4018-9FAC-3EAE049348DA}"
EndProject
Project("{9A19103F-16F7-4668-BE54-9A1E7A4F7556}") = "DecoratorPattern.UnitTests", "02_StructuralsPatterns\DecoratorPattern.Tests\DecoratorPattern.UnitTests.csproj", "{34F3B3EC-6B16-4476-AA86-13B01ECE602F}"
EndProject
Project("{9A19103F-16F7-4668-BE54-9A1E7A4F7556}") = "StatePattern.UnitTests", "03_BehavioralsPatterns\StatePattern.UnitTests\StatePattern.UnitTests.csproj", "{CDB9E613-709F-43A2-9A95-00FE1F52B1DF}"
EndProject
Project("{9A19103F-16F7-4668-BE54-9A1E7A4F7556}") = "InterpreterPattern.UnitTests", "03_BehavioralsPatterns\InterpreterPattern.UnitTests\InterpreterPattern.UnitTests.csproj", "{53FECE5F-ADB6-438B-AE53-EAB4640CC7DA}"
EndProject
Project("{9A19103F-16F7-4668-BE54-9A1E7A4F7556}") = "PrototypePattern.UnitTests", "01_CreationalsPatterns\PrototypePattern.UnitTests\PrototypePattern.UnitTests.csproj", "{2E997EA0-CB6A-493F-9387-193E1753A344}"
EndProject
Project("{9A19103F-16F7-4668-BE54-9A1E7A4F7556}") = "SingletonPattern.UnitTests", "01_CreationalsPatterns\SingletonPattern.UnitTests\SingletonPattern.UnitTests.csproj", "{BD7EA42D-D039-43ED-A2B9-47F1D4F75291}"
EndProject
Project("{9A19103F-16F7-4668-BE54-9A1E7A4F7556}") = "FactoryMethodTemplate", "01_CreationalsPatterns\FactoryMethodTemplate\FactoryMethodTemplate.csproj", "{1AA7509A-26DD-47A9-9E5A-C07AEE06F29D}"
EndProject
Project("{9A19103F-16F7-4668-BE54-9A1E7A4F7556}") = "FactoryMethodTemplate.UnitTests", "01_CreationalsPatterns\FactoryMethodTemplate.UnitTests\FactoryMethodTemplate.UnitTests.csproj", "{1B5E8C46-8179-4A76-8D55-799A22F214CA}"
EndProject
Project("{9A19103F-16F7-4668-BE54-9A1E7A4F7556}") = "AdapterPattern.UnitTests", "02_StructuralsPatterns\AdapterPattern.UnitTests\AdapterPattern.UnitTests.csproj", "{18D3E0A8-062F-40D7-9C4C-77353A3E7072}"
EndProject
Project("{9A19103F-16F7-4668-BE54-9A1E7A4F7556}") = "CommandPattern.UnitTests", "03_BehavioralsPatterns\CommandPattern.UnitTests\CommandPattern.UnitTests.csproj", "{394BB859-CA66-4BFE-A2D7-C63C486F137E}"
EndProject
Project("{9A19103F-16F7-4668-BE54-9A1E7A4F7556}") = "FactoryPattern", "01_CreationalsPatterns\FactoryPattern\FactoryPattern.csproj", "{D5D213E2-09E1-4B5A-A884-56F5F2BF085E}"
EndProject
Project("{9A19103F-16F7-4668-BE54-9A1E7A4F7556}") = "FacadePattern.UnitTests", "02_StructuralsPatterns\FacadePattern.UnitTests\FacadePattern.UnitTests.csproj", "{85B92BD0-6ACD-480C-8732-430D05B93567}"
EndProject
Project("{9A19103F-16F7-4668-BE54-9A1E7A4F7556}") = "BridgePattern", "02_StructuralsPatterns\BridgePattern\BridgePattern.csproj", "{C25023DC-E7BA-42F5-A007-87D242B621F6}"
EndProject
Project("{9A19103F-16F7-4668-BE54-9A1E7A4F7556}") = "BridgePattern.UnitTests", "02_StructuralsPatterns\BridgePattern.UnitTests\BridgePattern.UnitTests.csproj", "{88E5D701-356C-471F-8A3B-54112C224CE3}"
EndProject
Project("{9A19103F-16F7-4668-BE54-9A1E7A4F7556}") = "ChainOfResponsibilityPattern.UnitTests", "03_BehavioralsPatterns\ChainOfResponsibilityPattern.UnitTests\ChainOfResponsibilityPattern.UnitTests.csproj", "{588DF93F-CCCF-4045-99AA-7E484E98E519}"
EndProject
Project("{9A19103F-16F7-4668-BE54-9A1E7A4F7556}") = "CompositePattern", "02_StructuralsPatterns\CompositePattern\CompositePattern.csproj", "{947300E5-0AEE-4A9B-9EA3-0FC03B53903A}"
EndProject
Project("{9A19103F-16F7-4668-BE54-9A1E7A4F7556}") = "SingletonPattern.XUnitTests", "01_CreationalsPatterns\SingletonPattern.XUnitTests\SingletonPattern.XUnitTests.csproj", "{D874F413-B4F1-40F9-83CC-DFB65872D9C2}"
EndProject
Project("{9A19103F-16F7-4668-BE54-9A1E7A4F7556}") = "SimpleFactoryPattern", "01_CreationalsPatterns\SimpleFactoryPattern\SimpleFactoryPattern.csproj", "{AED8ABFD-ACFC-40F8-A588-7459DA9E8339}"
EndProject
Project("{9A19103F-16F7-4668-BE54-9A1E7A4F7556}") = "FlyweightPattern", "03_BehavioralsPatterns\FlyweightPattern\FlyweightPattern.csproj", "{04807C43-A27A-4462-8CA9-72FE18985B9E}"
EndProject
Project("{FAE04EC0-301F-11D3-BF4B-00C04F79EFBC}") = "MediatorPattern", "03_BehavioralsPatterns\MediatorPattern\MediatorPattern.csproj", "{500149CA-2E5F-412A-8B5E-3091C607058E}"
EndProject
Project("{FAE04EC0-301F-11D3-BF4B-00C04F79EFBC}") = "CompositePattern.UnitTests", "02_StructuralsPatterns\CompositePattern.UnitTests\CompositePattern.UnitTests.csproj", "{980DCB76-38BE-4A84-9A3A-24946CBF3F2B}"
EndProject
Project("{2150E333-8FDC-42A3-9474-1A3956D46DE8}") = "Excercices", "Excercices", "{1D3CA939-9FF4-4BDA-8402-339D43CDFE1C}"
EndProject
Project("{FAE04EC0-301F-11D3-BF4B-00C04F79EFBC}") = "ExtendLegacyPrinter", "ExtendLegacyPrinter\ExtendLegacyPrinter.csproj", "{F2C27D05-CA72-4263-AF62-A3EC1C7CC2F8}"
EndProject
Global
	GlobalSection(SolutionConfigurationPlatforms) = preSolution
		Debug|Any CPU = Debug|Any CPU
		Release|Any CPU = Release|Any CPU
	EndGlobalSection
	GlobalSection(ProjectConfigurationPlatforms) = postSolution
		{C13ABCB7-93D7-41CB-91E1-C92B151E8796}.Debug|Any CPU.ActiveCfg = Debug|Any CPU
		{C13ABCB7-93D7-41CB-91E1-C92B151E8796}.Debug|Any CPU.Build.0 = Debug|Any CPU
		{C13ABCB7-93D7-41CB-91E1-C92B151E8796}.Release|Any CPU.ActiveCfg = Release|Any CPU
		{C13ABCB7-93D7-41CB-91E1-C92B151E8796}.Release|Any CPU.Build.0 = Release|Any CPU
		{81D082BF-9B03-48EE-8B01-624611A077FA}.Debug|Any CPU.ActiveCfg = Debug|Any CPU
		{81D082BF-9B03-48EE-8B01-624611A077FA}.Debug|Any CPU.Build.0 = Debug|Any CPU
		{81D082BF-9B03-48EE-8B01-624611A077FA}.Release|Any CPU.ActiveCfg = Release|Any CPU
		{81D082BF-9B03-48EE-8B01-624611A077FA}.Release|Any CPU.Build.0 = Release|Any CPU
		{1A8233DA-F844-4AAD-B54F-5C307981C074}.Debug|Any CPU.ActiveCfg = Debug|Any CPU
		{1A8233DA-F844-4AAD-B54F-5C307981C074}.Debug|Any CPU.Build.0 = Debug|Any CPU
		{1A8233DA-F844-4AAD-B54F-5C307981C074}.Release|Any CPU.ActiveCfg = Release|Any CPU
		{1A8233DA-F844-4AAD-B54F-5C307981C074}.Release|Any CPU.Build.0 = Release|Any CPU
		{339C0F20-2E28-442C-8A8F-33549C699964}.Debug|Any CPU.ActiveCfg = Debug|Any CPU
		{339C0F20-2E28-442C-8A8F-33549C699964}.Debug|Any CPU.Build.0 = Debug|Any CPU
		{339C0F20-2E28-442C-8A8F-33549C699964}.Release|Any CPU.ActiveCfg = Release|Any CPU
		{339C0F20-2E28-442C-8A8F-33549C699964}.Release|Any CPU.Build.0 = Release|Any CPU
		{841B5E34-DC9D-4D5A-A9D5-AC35FAA5B25D}.Debug|Any CPU.ActiveCfg = Debug|Any CPU
		{841B5E34-DC9D-4D5A-A9D5-AC35FAA5B25D}.Debug|Any CPU.Build.0 = Debug|Any CPU
		{841B5E34-DC9D-4D5A-A9D5-AC35FAA5B25D}.Release|Any CPU.ActiveCfg = Release|Any CPU
		{841B5E34-DC9D-4D5A-A9D5-AC35FAA5B25D}.Release|Any CPU.Build.0 = Release|Any CPU
		{49268063-1893-4E40-BDEC-CF7CBFD38F44}.Debug|Any CPU.ActiveCfg = Debug|Any CPU
		{49268063-1893-4E40-BDEC-CF7CBFD38F44}.Debug|Any CPU.Build.0 = Debug|Any CPU
		{49268063-1893-4E40-BDEC-CF7CBFD38F44}.Release|Any CPU.ActiveCfg = Release|Any CPU
		{49268063-1893-4E40-BDEC-CF7CBFD38F44}.Release|Any CPU.Build.0 = Release|Any CPU
		{75974997-BD2E-42C7-8531-1B94496FAE72}.Debug|Any CPU.ActiveCfg = Debug|Any CPU
		{75974997-BD2E-42C7-8531-1B94496FAE72}.Debug|Any CPU.Build.0 = Debug|Any CPU
		{75974997-BD2E-42C7-8531-1B94496FAE72}.Release|Any CPU.ActiveCfg = Release|Any CPU
		{75974997-BD2E-42C7-8531-1B94496FAE72}.Release|Any CPU.Build.0 = Release|Any CPU
		{68B9F3AF-C124-47E7-8926-B4611F0CA861}.Debug|Any CPU.ActiveCfg = Debug|Any CPU
		{68B9F3AF-C124-47E7-8926-B4611F0CA861}.Debug|Any CPU.Build.0 = Debug|Any CPU
		{68B9F3AF-C124-47E7-8926-B4611F0CA861}.Release|Any CPU.ActiveCfg = Release|Any CPU
		{68B9F3AF-C124-47E7-8926-B4611F0CA861}.Release|Any CPU.Build.0 = Release|Any CPU
		{13CC3166-276B-4DBC-8719-DA8BC70B23A5}.Debug|Any CPU.ActiveCfg = Debug|Any CPU
		{13CC3166-276B-4DBC-8719-DA8BC70B23A5}.Debug|Any CPU.Build.0 = Debug|Any CPU
		{13CC3166-276B-4DBC-8719-DA8BC70B23A5}.Release|Any CPU.ActiveCfg = Release|Any CPU
		{13CC3166-276B-4DBC-8719-DA8BC70B23A5}.Release|Any CPU.Build.0 = Release|Any CPU
		{E874CDAB-57D2-40DC-8A47-4CD88341B91D}.Debug|Any CPU.ActiveCfg = Debug|Any CPU
		{E874CDAB-57D2-40DC-8A47-4CD88341B91D}.Debug|Any CPU.Build.0 = Debug|Any CPU
		{E874CDAB-57D2-40DC-8A47-4CD88341B91D}.Release|Any CPU.ActiveCfg = Release|Any CPU
		{E874CDAB-57D2-40DC-8A47-4CD88341B91D}.Release|Any CPU.Build.0 = Release|Any CPU
		{DB5A08AA-0D13-43F4-9743-5996D19C79DA}.Debug|Any CPU.ActiveCfg = Debug|Any CPU
		{DB5A08AA-0D13-43F4-9743-5996D19C79DA}.Debug|Any CPU.Build.0 = Debug|Any CPU
		{DB5A08AA-0D13-43F4-9743-5996D19C79DA}.Release|Any CPU.ActiveCfg = Release|Any CPU
		{DB5A08AA-0D13-43F4-9743-5996D19C79DA}.Release|Any CPU.Build.0 = Release|Any CPU
		{121C1A72-5518-4BCC-9C3A-31B7F5DFC5F5}.Debug|Any CPU.ActiveCfg = Debug|Any CPU
		{121C1A72-5518-4BCC-9C3A-31B7F5DFC5F5}.Debug|Any CPU.Build.0 = Debug|Any CPU
		{121C1A72-5518-4BCC-9C3A-31B7F5DFC5F5}.Release|Any CPU.ActiveCfg = Release|Any CPU
		{121C1A72-5518-4BCC-9C3A-31B7F5DFC5F5}.Release|Any CPU.Build.0 = Release|Any CPU
		{318F1967-95D6-4998-BBCB-6D7E03E7CA3B}.Debug|Any CPU.ActiveCfg = Debug|Any CPU
		{318F1967-95D6-4998-BBCB-6D7E03E7CA3B}.Debug|Any CPU.Build.0 = Debug|Any CPU
		{318F1967-95D6-4998-BBCB-6D7E03E7CA3B}.Release|Any CPU.ActiveCfg = Release|Any CPU
		{318F1967-95D6-4998-BBCB-6D7E03E7CA3B}.Release|Any CPU.Build.0 = Release|Any CPU
		{648E68EB-570B-47DA-8507-7E884B765942}.Debug|Any CPU.ActiveCfg = Debug|Any CPU
		{648E68EB-570B-47DA-8507-7E884B765942}.Debug|Any CPU.Build.0 = Debug|Any CPU
		{648E68EB-570B-47DA-8507-7E884B765942}.Release|Any CPU.ActiveCfg = Release|Any CPU
		{648E68EB-570B-47DA-8507-7E884B765942}.Release|Any CPU.Build.0 = Release|Any CPU
		{D9386119-EBED-4746-BA74-E9B68BD570E3}.Debug|Any CPU.ActiveCfg = Debug|Any CPU
		{D9386119-EBED-4746-BA74-E9B68BD570E3}.Debug|Any CPU.Build.0 = Debug|Any CPU
		{D9386119-EBED-4746-BA74-E9B68BD570E3}.Release|Any CPU.ActiveCfg = Release|Any CPU
		{D9386119-EBED-4746-BA74-E9B68BD570E3}.Release|Any CPU.Build.0 = Release|Any CPU
		{E16B655F-5EF8-4B08-9973-0BAA97AFE9B4}.Debug|Any CPU.ActiveCfg = Debug|Any CPU
		{E16B655F-5EF8-4B08-9973-0BAA97AFE9B4}.Debug|Any CPU.Build.0 = Debug|Any CPU
		{E16B655F-5EF8-4B08-9973-0BAA97AFE9B4}.Release|Any CPU.ActiveCfg = Release|Any CPU
		{E16B655F-5EF8-4B08-9973-0BAA97AFE9B4}.Release|Any CPU.Build.0 = Release|Any CPU
		{8B690590-72CA-4C82-B7D1-9AD5BA315A96}.Debug|Any CPU.ActiveCfg = Debug|Any CPU
		{8B690590-72CA-4C82-B7D1-9AD5BA315A96}.Debug|Any CPU.Build.0 = Debug|Any CPU
		{8B690590-72CA-4C82-B7D1-9AD5BA315A96}.Release|Any CPU.ActiveCfg = Release|Any CPU
		{8B690590-72CA-4C82-B7D1-9AD5BA315A96}.Release|Any CPU.Build.0 = Release|Any CPU
		{FE31E645-0093-4306-A09D-FF0572C2A6CD}.Debug|Any CPU.ActiveCfg = Debug|Any CPU
		{FE31E645-0093-4306-A09D-FF0572C2A6CD}.Debug|Any CPU.Build.0 = Debug|Any CPU
		{FE31E645-0093-4306-A09D-FF0572C2A6CD}.Release|Any CPU.ActiveCfg = Release|Any CPU
		{FE31E645-0093-4306-A09D-FF0572C2A6CD}.Release|Any CPU.Build.0 = Release|Any CPU
		{3DB666BF-9E28-4781-BA9B-352A71DED4B1}.Debug|Any CPU.ActiveCfg = Debug|Any CPU
		{3DB666BF-9E28-4781-BA9B-352A71DED4B1}.Debug|Any CPU.Build.0 = Debug|Any CPU
		{3DB666BF-9E28-4781-BA9B-352A71DED4B1}.Release|Any CPU.ActiveCfg = Release|Any CPU
		{3DB666BF-9E28-4781-BA9B-352A71DED4B1}.Release|Any CPU.Build.0 = Release|Any CPU
		{6A557B03-E831-4CB8-A027-C1D655AAADEB}.Debug|Any CPU.ActiveCfg = Debug|Any CPU
		{6A557B03-E831-4CB8-A027-C1D655AAADEB}.Debug|Any CPU.Build.0 = Debug|Any CPU
		{6A557B03-E831-4CB8-A027-C1D655AAADEB}.Release|Any CPU.ActiveCfg = Release|Any CPU
		{6A557B03-E831-4CB8-A027-C1D655AAADEB}.Release|Any CPU.Build.0 = Release|Any CPU
		{79FB3DBE-80C6-480E-8BA4-BC17775450D3}.Debug|Any CPU.ActiveCfg = Debug|Any CPU
		{79FB3DBE-80C6-480E-8BA4-BC17775450D3}.Debug|Any CPU.Build.0 = Debug|Any CPU
		{79FB3DBE-80C6-480E-8BA4-BC17775450D3}.Release|Any CPU.ActiveCfg = Release|Any CPU
		{79FB3DBE-80C6-480E-8BA4-BC17775450D3}.Release|Any CPU.Build.0 = Release|Any CPU
		{D6F35351-3AF4-4018-9FAC-3EAE049348DA}.Debug|Any CPU.ActiveCfg = Debug|Any CPU
		{D6F35351-3AF4-4018-9FAC-3EAE049348DA}.Debug|Any CPU.Build.0 = Debug|Any CPU
		{D6F35351-3AF4-4018-9FAC-3EAE049348DA}.Release|Any CPU.ActiveCfg = Release|Any CPU
		{D6F35351-3AF4-4018-9FAC-3EAE049348DA}.Release|Any CPU.Build.0 = Release|Any CPU
		{34F3B3EC-6B16-4476-AA86-13B01ECE602F}.Debug|Any CPU.ActiveCfg = Debug|Any CPU
		{34F3B3EC-6B16-4476-AA86-13B01ECE602F}.Debug|Any CPU.Build.0 = Debug|Any CPU
		{34F3B3EC-6B16-4476-AA86-13B01ECE602F}.Release|Any CPU.ActiveCfg = Release|Any CPU
		{34F3B3EC-6B16-4476-AA86-13B01ECE602F}.Release|Any CPU.Build.0 = Release|Any CPU
		{CDB9E613-709F-43A2-9A95-00FE1F52B1DF}.Debug|Any CPU.ActiveCfg = Debug|Any CPU
		{CDB9E613-709F-43A2-9A95-00FE1F52B1DF}.Debug|Any CPU.Build.0 = Debug|Any CPU
		{CDB9E613-709F-43A2-9A95-00FE1F52B1DF}.Release|Any CPU.ActiveCfg = Release|Any CPU
		{CDB9E613-709F-43A2-9A95-00FE1F52B1DF}.Release|Any CPU.Build.0 = Release|Any CPU
		{53FECE5F-ADB6-438B-AE53-EAB4640CC7DA}.Debug|Any CPU.ActiveCfg = Debug|Any CPU
		{53FECE5F-ADB6-438B-AE53-EAB4640CC7DA}.Debug|Any CPU.Build.0 = Debug|Any CPU
		{53FECE5F-ADB6-438B-AE53-EAB4640CC7DA}.Release|Any CPU.ActiveCfg = Release|Any CPU
		{53FECE5F-ADB6-438B-AE53-EAB4640CC7DA}.Release|Any CPU.Build.0 = Release|Any CPU
		{2E997EA0-CB6A-493F-9387-193E1753A344}.Debug|Any CPU.ActiveCfg = Debug|Any CPU
		{2E997EA0-CB6A-493F-9387-193E1753A344}.Debug|Any CPU.Build.0 = Debug|Any CPU
		{2E997EA0-CB6A-493F-9387-193E1753A344}.Release|Any CPU.ActiveCfg = Release|Any CPU
		{2E997EA0-CB6A-493F-9387-193E1753A344}.Release|Any CPU.Build.0 = Release|Any CPU
		{BD7EA42D-D039-43ED-A2B9-47F1D4F75291}.Debug|Any CPU.ActiveCfg = Debug|Any CPU
		{BD7EA42D-D039-43ED-A2B9-47F1D4F75291}.Debug|Any CPU.Build.0 = Debug|Any CPU
		{BD7EA42D-D039-43ED-A2B9-47F1D4F75291}.Release|Any CPU.ActiveCfg = Release|Any CPU
		{BD7EA42D-D039-43ED-A2B9-47F1D4F75291}.Release|Any CPU.Build.0 = Release|Any CPU
		{1AA7509A-26DD-47A9-9E5A-C07AEE06F29D}.Debug|Any CPU.ActiveCfg = Debug|Any CPU
		{1AA7509A-26DD-47A9-9E5A-C07AEE06F29D}.Debug|Any CPU.Build.0 = Debug|Any CPU
		{1AA7509A-26DD-47A9-9E5A-C07AEE06F29D}.Release|Any CPU.ActiveCfg = Release|Any CPU
		{1AA7509A-26DD-47A9-9E5A-C07AEE06F29D}.Release|Any CPU.Build.0 = Release|Any CPU
		{1B5E8C46-8179-4A76-8D55-799A22F214CA}.Debug|Any CPU.ActiveCfg = Debug|Any CPU
		{1B5E8C46-8179-4A76-8D55-799A22F214CA}.Debug|Any CPU.Build.0 = Debug|Any CPU
		{1B5E8C46-8179-4A76-8D55-799A22F214CA}.Release|Any CPU.ActiveCfg = Release|Any CPU
		{1B5E8C46-8179-4A76-8D55-799A22F214CA}.Release|Any CPU.Build.0 = Release|Any CPU
		{18D3E0A8-062F-40D7-9C4C-77353A3E7072}.Debug|Any CPU.ActiveCfg = Debug|Any CPU
		{18D3E0A8-062F-40D7-9C4C-77353A3E7072}.Debug|Any CPU.Build.0 = Debug|Any CPU
		{18D3E0A8-062F-40D7-9C4C-77353A3E7072}.Release|Any CPU.ActiveCfg = Release|Any CPU
		{18D3E0A8-062F-40D7-9C4C-77353A3E7072}.Release|Any CPU.Build.0 = Release|Any CPU
		{394BB859-CA66-4BFE-A2D7-C63C486F137E}.Debug|Any CPU.ActiveCfg = Debug|Any CPU
		{394BB859-CA66-4BFE-A2D7-C63C486F137E}.Debug|Any CPU.Build.0 = Debug|Any CPU
		{394BB859-CA66-4BFE-A2D7-C63C486F137E}.Release|Any CPU.ActiveCfg = Release|Any CPU
		{394BB859-CA66-4BFE-A2D7-C63C486F137E}.Release|Any CPU.Build.0 = Release|Any CPU
		{D5D213E2-09E1-4B5A-A884-56F5F2BF085E}.Debug|Any CPU.ActiveCfg = Debug|Any CPU
		{D5D213E2-09E1-4B5A-A884-56F5F2BF085E}.Debug|Any CPU.Build.0 = Debug|Any CPU
		{D5D213E2-09E1-4B5A-A884-56F5F2BF085E}.Release|Any CPU.ActiveCfg = Release|Any CPU
		{D5D213E2-09E1-4B5A-A884-56F5F2BF085E}.Release|Any CPU.Build.0 = Release|Any CPU
		{85B92BD0-6ACD-480C-8732-430D05B93567}.Debug|Any CPU.ActiveCfg = Debug|Any CPU
		{85B92BD0-6ACD-480C-8732-430D05B93567}.Debug|Any CPU.Build.0 = Debug|Any CPU
		{85B92BD0-6ACD-480C-8732-430D05B93567}.Release|Any CPU.ActiveCfg = Release|Any CPU
		{85B92BD0-6ACD-480C-8732-430D05B93567}.Release|Any CPU.Build.0 = Release|Any CPU
		{C25023DC-E7BA-42F5-A007-87D242B621F6}.Debug|Any CPU.ActiveCfg = Debug|Any CPU
		{C25023DC-E7BA-42F5-A007-87D242B621F6}.Debug|Any CPU.Build.0 = Debug|Any CPU
		{C25023DC-E7BA-42F5-A007-87D242B621F6}.Release|Any CPU.ActiveCfg = Release|Any CPU
		{C25023DC-E7BA-42F5-A007-87D242B621F6}.Release|Any CPU.Build.0 = Release|Any CPU
		{88E5D701-356C-471F-8A3B-54112C224CE3}.Debug|Any CPU.ActiveCfg = Debug|Any CPU
		{88E5D701-356C-471F-8A3B-54112C224CE3}.Debug|Any CPU.Build.0 = Debug|Any CPU
		{88E5D701-356C-471F-8A3B-54112C224CE3}.Release|Any CPU.ActiveCfg = Release|Any CPU
		{88E5D701-356C-471F-8A3B-54112C224CE3}.Release|Any CPU.Build.0 = Release|Any CPU
		{588DF93F-CCCF-4045-99AA-7E484E98E519}.Debug|Any CPU.ActiveCfg = Debug|Any CPU
		{588DF93F-CCCF-4045-99AA-7E484E98E519}.Debug|Any CPU.Build.0 = Debug|Any CPU
		{588DF93F-CCCF-4045-99AA-7E484E98E519}.Release|Any CPU.ActiveCfg = Release|Any CPU
		{588DF93F-CCCF-4045-99AA-7E484E98E519}.Release|Any CPU.Build.0 = Release|Any CPU
		{947300E5-0AEE-4A9B-9EA3-0FC03B53903A}.Debug|Any CPU.ActiveCfg = Debug|Any CPU
		{947300E5-0AEE-4A9B-9EA3-0FC03B53903A}.Debug|Any CPU.Build.0 = Debug|Any CPU
		{947300E5-0AEE-4A9B-9EA3-0FC03B53903A}.Release|Any CPU.ActiveCfg = Release|Any CPU
		{947300E5-0AEE-4A9B-9EA3-0FC03B53903A}.Release|Any CPU.Build.0 = Release|Any CPU
		{D874F413-B4F1-40F9-83CC-DFB65872D9C2}.Debug|Any CPU.ActiveCfg = Debug|Any CPU
		{D874F413-B4F1-40F9-83CC-DFB65872D9C2}.Debug|Any CPU.Build.0 = Debug|Any CPU
		{D874F413-B4F1-40F9-83CC-DFB65872D9C2}.Release|Any CPU.ActiveCfg = Release|Any CPU
		{D874F413-B4F1-40F9-83CC-DFB65872D9C2}.Release|Any CPU.Build.0 = Release|Any CPU
		{AED8ABFD-ACFC-40F8-A588-7459DA9E8339}.Debug|Any CPU.ActiveCfg = Debug|Any CPU
		{AED8ABFD-ACFC-40F8-A588-7459DA9E8339}.Debug|Any CPU.Build.0 = Debug|Any CPU
		{AED8ABFD-ACFC-40F8-A588-7459DA9E8339}.Release|Any CPU.ActiveCfg = Release|Any CPU
		{AED8ABFD-ACFC-40F8-A588-7459DA9E8339}.Release|Any CPU.Build.0 = Release|Any CPU
		{04807C43-A27A-4462-8CA9-72FE18985B9E}.Debug|Any CPU.ActiveCfg = Debug|Any CPU
		{04807C43-A27A-4462-8CA9-72FE18985B9E}.Debug|Any CPU.Build.0 = Debug|Any CPU
		{04807C43-A27A-4462-8CA9-72FE18985B9E}.Release|Any CPU.ActiveCfg = Release|Any CPU
		{04807C43-A27A-4462-8CA9-72FE18985B9E}.Release|Any CPU.Build.0 = Release|Any CPU
		{500149CA-2E5F-412A-8B5E-3091C607058E}.Debug|Any CPU.ActiveCfg = Debug|Any CPU
		{500149CA-2E5F-412A-8B5E-3091C607058E}.Debug|Any CPU.Build.0 = Debug|Any CPU
		{500149CA-2E5F-412A-8B5E-3091C607058E}.Release|Any CPU.ActiveCfg = Release|Any CPU
		{500149CA-2E5F-412A-8B5E-3091C607058E}.Release|Any CPU.Build.0 = Release|Any CPU
		{980DCB76-38BE-4A84-9A3A-24946CBF3F2B}.Debug|Any CPU.ActiveCfg = Debug|Any CPU
		{980DCB76-38BE-4A84-9A3A-24946CBF3F2B}.Debug|Any CPU.Build.0 = Debug|Any CPU
		{980DCB76-38BE-4A84-9A3A-24946CBF3F2B}.Release|Any CPU.ActiveCfg = Release|Any CPU
		{980DCB76-38BE-4A84-9A3A-24946CBF3F2B}.Release|Any CPU.Build.0 = Release|Any CPU
		{F2C27D05-CA72-4263-AF62-A3EC1C7CC2F8}.Debug|Any CPU.ActiveCfg = Debug|Any CPU
		{F2C27D05-CA72-4263-AF62-A3EC1C7CC2F8}.Debug|Any CPU.Build.0 = Debug|Any CPU
		{F2C27D05-CA72-4263-AF62-A3EC1C7CC2F8}.Release|Any CPU.ActiveCfg = Release|Any CPU
		{F2C27D05-CA72-4263-AF62-A3EC1C7CC2F8}.Release|Any CPU.Build.0 = Release|Any CPU
	EndGlobalSection
	GlobalSection(SolutionProperties) = preSolution
		HideSolutionNode = FALSE
	EndGlobalSection
	GlobalSection(NestedProjects) = preSolution
		{C13ABCB7-93D7-41CB-91E1-C92B151E8796} = {F2386B77-C42E-43C8-8A89-C1DA19D3DFCA}
		{81D082BF-9B03-48EE-8B01-624611A077FA} = {F2386B77-C42E-43C8-8A89-C1DA19D3DFCA}
		{1A8233DA-F844-4AAD-B54F-5C307981C074} = {F2386B77-C42E-43C8-8A89-C1DA19D3DFCA}
		{339C0F20-2E28-442C-8A8F-33549C699964} = {F2386B77-C42E-43C8-8A89-C1DA19D3DFCA}
		{841B5E34-DC9D-4D5A-A9D5-AC35FAA5B25D} = {C3AACDBB-31B7-423D-8FA9-C41E6C039CAB}
		{49268063-1893-4E40-BDEC-CF7CBFD38F44} = {C3AACDBB-31B7-423D-8FA9-C41E6C039CAB}
		{75974997-BD2E-42C7-8531-1B94496FAE72} = {C3AACDBB-31B7-423D-8FA9-C41E6C039CAB}
		{68B9F3AF-C124-47E7-8926-B4611F0CA861} = {C3AACDBB-31B7-423D-8FA9-C41E6C039CAB}
		{13CC3166-276B-4DBC-8719-DA8BC70B23A5} = {AE8F46A4-887F-4B91-99AD-A883344408B6}
		{E874CDAB-57D2-40DC-8A47-4CD88341B91D} = {AE8F46A4-887F-4B91-99AD-A883344408B6}
		{DB5A08AA-0D13-43F4-9743-5996D19C79DA} = {AE8F46A4-887F-4B91-99AD-A883344408B6}
		{121C1A72-5518-4BCC-9C3A-31B7F5DFC5F5} = {AE8F46A4-887F-4B91-99AD-A883344408B6}
		{318F1967-95D6-4998-BBCB-6D7E03E7CA3B} = {AE8F46A4-887F-4B91-99AD-A883344408B6}
		{648E68EB-570B-47DA-8507-7E884B765942} = {AE8F46A4-887F-4B91-99AD-A883344408B6}
		{D9386119-EBED-4746-BA74-E9B68BD570E3} = {AE8F46A4-887F-4B91-99AD-A883344408B6}
		{E16B655F-5EF8-4B08-9973-0BAA97AFE9B4} = {AE8F46A4-887F-4B91-99AD-A883344408B6}
		{8B690590-72CA-4C82-B7D1-9AD5BA315A96} = {C3AACDBB-31B7-423D-8FA9-C41E6C039CAB}
		{FE31E645-0093-4306-A09D-FF0572C2A6CD} = {AE8F46A4-887F-4B91-99AD-A883344408B6}
		{3DB666BF-9E28-4781-BA9B-352A71DED4B1} = {AE8F46A4-887F-4B91-99AD-A883344408B6}
		{6A557B03-E831-4CB8-A027-C1D655AAADEB} = {C3AACDBB-31B7-423D-8FA9-C41E6C039CAB}
		{79FB3DBE-80C6-480E-8BA4-BC17775450D3} = {AE8F46A4-887F-4B91-99AD-A883344408B6}
		{D6F35351-3AF4-4018-9FAC-3EAE049348DA} = {AE8F46A4-887F-4B91-99AD-A883344408B6}
		{34F3B3EC-6B16-4476-AA86-13B01ECE602F} = {C3AACDBB-31B7-423D-8FA9-C41E6C039CAB}
		{CDB9E613-709F-43A2-9A95-00FE1F52B1DF} = {AE8F46A4-887F-4B91-99AD-A883344408B6}
		{53FECE5F-ADB6-438B-AE53-EAB4640CC7DA} = {AE8F46A4-887F-4B91-99AD-A883344408B6}
		{2E997EA0-CB6A-493F-9387-193E1753A344} = {F2386B77-C42E-43C8-8A89-C1DA19D3DFCA}
		{BD7EA42D-D039-43ED-A2B9-47F1D4F75291} = {F2386B77-C42E-43C8-8A89-C1DA19D3DFCA}
		{1AA7509A-26DD-47A9-9E5A-C07AEE06F29D} = {F2386B77-C42E-43C8-8A89-C1DA19D3DFCA}
		{1B5E8C46-8179-4A76-8D55-799A22F214CA} = {F2386B77-C42E-43C8-8A89-C1DA19D3DFCA}
		{18D3E0A8-062F-40D7-9C4C-77353A3E7072} = {C3AACDBB-31B7-423D-8FA9-C41E6C039CAB}
		{394BB859-CA66-4BFE-A2D7-C63C486F137E} = {AE8F46A4-887F-4B91-99AD-A883344408B6}
		{D5D213E2-09E1-4B5A-A884-56F5F2BF085E} = {F2386B77-C42E-43C8-8A89-C1DA19D3DFCA}
		{85B92BD0-6ACD-480C-8732-430D05B93567} = {C3AACDBB-31B7-423D-8FA9-C41E6C039CAB}
		{C25023DC-E7BA-42F5-A007-87D242B621F6} = {C3AACDBB-31B7-423D-8FA9-C41E6C039CAB}
		{88E5D701-356C-471F-8A3B-54112C224CE3} = {C3AACDBB-31B7-423D-8FA9-C41E6C039CAB}
		{588DF93F-CCCF-4045-99AA-7E484E98E519} = {AE8F46A4-887F-4B91-99AD-A883344408B6}
		{947300E5-0AEE-4A9B-9EA3-0FC03B53903A} = {C3AACDBB-31B7-423D-8FA9-C41E6C039CAB}
		{D874F413-B4F1-40F9-83CC-DFB65872D9C2} = {F2386B77-C42E-43C8-8A89-C1DA19D3DFCA}
		{AED8ABFD-ACFC-40F8-A588-7459DA9E8339} = {F2386B77-C42E-43C8-8A89-C1DA19D3DFCA}
		{04807C43-A27A-4462-8CA9-72FE18985B9E} = {AE8F46A4-887F-4B91-99AD-A883344408B6}
		{500149CA-2E5F-412A-8B5E-3091C607058E} = {AE8F46A4-887F-4B91-99AD-A883344408B6}
		{980DCB76-38BE-4A84-9A3A-24946CBF3F2B} = {C3AACDBB-31B7-423D-8FA9-C41E6C039CAB}
		{F2C27D05-CA72-4263-AF62-A3EC1C7CC2F8} = {1D3CA939-9FF4-4BDA-8402-339D43CDFE1C}
	EndGlobalSection
	GlobalSection(ExtensibilityGlobals) = postSolution
		SolutionGuid = {AC97C506-DE41-412B-BB0D-1ECD765DD65D}
	EndGlobalSection
EndGlobal
